<?xml version="1.0" encoding="utf-8"?>
<Project ToolsVersion="4.0" xmlns="http://schemas.microsoft.com/developer/msbuild/2003">
  <ItemGroup>
    <Filter Include="Source Files">
      <UniqueIdentifier>{4FC737F1-C7A5-4376-A066-2A32D752A2FF}</UniqueIdentifier>
      <Extensions>cpp;c;cc;cxx;c++;cppm;ixx;def;odl;idl;hpj;bat;asm;asmx</Extensions>
    </Filter>
    <Filter Include="Header Files">
      <UniqueIdentifier>{93995380-89BD-4b04-88EB-625FBE52EBFB}</UniqueIdentifier>
      <Extensions>h;hh;hpp;hxx;h++;hm;inl;inc;ipp;xsd</Extensions>
    </Filter>
    <Filter Include="Data File">
      <UniqueIdentifier>{b57c9c4e-3adb-4357-9d67-64fb64a452f6}</UniqueIdentifier>
    </Filter>
    <Filter Include="Source Files\Resource Files">
      <UniqueIdentifier>{67DA6AB6-F800-4c08-8B7A-83BB121AAD01}</UniqueIdentifier>
      <Extensions>rc;ico;cur;bmp;dlg;rc2;rct;bin;rgs;gif;jpg;jpeg;jpe;resx;tiff;tif;png;wav;mfcribbon-ms</Extensions>
    </Filter>
    <Filter Include="NewFilter1">
      <UniqueIdentifier>{82d385d7-cfd9-4b1e-95e9-240561ff2cd6}</UniqueIdentifier>
    </Filter>
  </ItemGroup>
  <ItemGroup>
    <Text Include="..\..\..\Desktop\Mathf.h.txt">
      <Filter>Header Files</Filter>
    </Text>
    <Text Include="..\..\..\Desktop\Vector2D.h.txt">
      <Filter>Header Files</Filter>
    </Text>
    <Text Include="..\..\..\Desktop\Mathf.cpp.txt">
      <Filter>Source Files</Filter>
    </Text>
    <Text Include="..\..\..\Desktop\main.cpp.txt">
      <Filter>Source Files</Filter>
    </Text>
    <Text Include="..\..\..\Desktop\MockDataForTesting.txt">
      <Filter>Data File</Filter>
    </Text>
  </ItemGroup>
  <ItemGroup>
    <None Include="..\..\..\Desktop\Vectors.dat">
      <Filter>Data File</Filter>
    </None>
    <None Include="..\..\..\Desktop\PointData.dat">
      <Filter>Data File</Filter>
    </None>
    <None Include="..\..\..\Desktop\VectorTest.dat">
      <Filter>Data File</Filter>
    </None>
  </ItemGroup>
</Project>